github.com/decred/dcrd/crypto/blake256 v1.0.0/go.mod h1:sQl2p6Y26YV+ZOcSTP6thNdn47hh8kt6rqSlvmrXFAc=
github.com/decred/dcrd/dcrec/secp256k1/v4 v4.0.1 h1:YLtO71vCjJRCBcrPMtQ9nqBsqpA1m5sE92cU+pd5Mcc=
github.com/decred/dcrd/dcrec/secp256k1/v4 v4.0.1/go.mod h1:hyedUtir6IdtD/7lIxGeCxkaw7y45JueMRL4DIyJDKs=
github.com/vechain/go-ecvrf v0.0.0-20220525125849-96fa0442e765 h1:jvr+TSivjObZmOKVdqlgeLtRhaDG27gE39PMuE2IJ24=
github.com/vechain/go-ecvrf v0.0.0-20220525125849-96fa0442e765/go.mod h1:cwnTMgAVzMb30xMKnGI1LdU1NjMiPllYb7i3ibj/fzE=
